
Microsoft Visual Studio Solution File, Format Version 12.00
# Visual Studio Version 16
VisualStudioVersion = 16.0.30804.86
MinimumVisualStudioVersion = 10.0.40219.1
Project("{9A19103F-16F7-4668-BE54-9A1E7A4F7556}") = "MVC_DecoratorPattern", "MVC_DecoratorPattern\MVC_DecoratorPattern.csproj", "{E712C51A-26A6-4A1D-842E-E35670CE63CE}"
EndProject
Project("{9A19103F-16F7-4668-BE54-9A1E7A4F7556}") = "WeatherComponent", "WeatherComponent\WeatherComponent.csproj", "{22A9F59F-91ED-4BFA-BD11-BAD5258A7888}"
EndProject
Global
	GlobalSection(SolutionConfigurationPlatforms) = preSolution
		Debug|Any CPU = Debug|Any CPU
		Release|Any CPU = Release|Any CPU
	EndGlobalSection
	GlobalSection(ProjectConfigurationPlatforms) = postSolution
		{E712C51A-26A6-4A1D-842E-E35670CE63CE}.Debug|Any CPU.ActiveCfg = Debug|Any CPU
		{E712C51A-26A6-4A1D-842E-E35670CE63CE}.Debug|Any CPU.Build.0 = Debug|Any CPU
		{E712C51A-26A6-4A1D-842E-E35670CE63CE}.Release|Any CPU.ActiveCfg = Release|Any CPU
		{E712C51A-26A6-4A1D-842E-E35670CE63CE}.Release|Any CPU.Build.0 = Release|Any CPU
		{22A9F59F-91ED-4BFA-BD11-BAD5258A7888}.Debug|Any CPU.ActiveCfg = Debug|Any CPU
		{22A9F59F-91ED-4BFA-BD11-BAD5258A7888}.Debug|Any CPU.Build.0 = Debug|Any CPU
		{22A9F59F-91ED-4BFA-BD11-BAD5258A7888}.Release|Any CPU.ActiveCfg = Release|Any CPU
		{22A9F59F-91ED-4BFA-BD11-BAD5258A7888}.Release|Any CPU.Build.0 = Release|Any CPU
	EndGlobalSection
	GlobalSection(SolutionProperties) = preSolution
		HideSolutionNode = FALSE
	EndGlobalSection
	GlobalSection(ExtensibilityGlobals) = postSolution
		SolutionGuid = {6CECB644-CED8-4E9E-9D15-B8A6B6B70D3D}
	EndGlobalSection
EndGlobal
